Microsoft Visual Studio Solution File, Format Version 12.00
# Visual Studio Version 17
VisualStudioVersion = 17.5.2.0
MinimumVisualStudioVersion = 10.0.40219.1
Project("{FAE04EC0-301F-11D3-BF4B-00C04F79EFBC}") = "JtechnApi", "JtechnApi.csproj", "{B8EA6E12-C7C8-058D-B96E-FE1823B68FE5}"
EndProject
Global
	GlobalSection(SolutionConfigurationPlatforms) = preSolution
		Debug|Any CPU = Debug|Any CPU
		Release|Any CPU = Release|Any CPU
	EndGlobalSection
	GlobalSection(ProjectConfigurationPlatforms) = postSolution
		{B8EA6E12-C7C8-058D-B96E-FE1823B68FE5}.Debug|Any CPU.ActiveCfg = Debug|Any CPU
		{B8EA6E12-C7C8-058D-B96E-FE1823B68FE5}.Debug|Any CPU.Build.0 = Debug|Any CPU
		{B8EA6E12-C7C8-058D-B96E-FE1823B68FE5}.Release|Any CPU.ActiveCfg = Release|Any CPU
		{B8EA6E12-C7C8-058D-B96E-FE1823B68FE5}.Release|Any CPU.Build.0 = Release|Any CPU
	EndGlobalSection
	GlobalSection(SolutionProperties) = preSolution
		HideSolutionNode = FALSE
	EndGlobalSection
	GlobalSection(ExtensibilityGlobals) = postSolution
		SolutionGuid = {28AC5669-D660-441F-B593-8E23EC8C14AF}
	EndGlobalSection
EndGlobal
